
Microsoft Visual Studio Solution File, Format Version 12.00
# Visual Studio 15
VisualStudioVersion = 15.0.28307.852
MinimumVisualStudioVersion = 10.0.40219.1
Project("{FAE04EC0-301F-11D3-BF4B-00C04F79EFBC}") = "App.Android", "App\App.Android\App.Android.csproj", "{2F4819FE-2230-44FE-8689-3D091A924554}"
EndProject
Project("{FAE04EC0-301F-11D3-BF4B-00C04F79EFBC}") = "App.iOS", "App\App.iOS\App.iOS.csproj", "{48C62E21-4705-4845-8836-FDA645B6E612}"
EndProject
Project("{FAE04EC0-301F-11D3-BF4B-00C04F79EFBC}") = "App", "App\App\App.csproj", "{F6527A7B-F9F0-4A2B-98D8-6C7565886A94}"
EndProject
Global
	GlobalSection(SolutionConfigurationPlatforms) = preSolution
		Ad-Hoc|Any CPU = Ad-Hoc|Any CPU
		Ad-Hoc|iPhone = Ad-Hoc|iPhone
		Ad-Hoc|iPhoneSimulator = Ad-Hoc|iPhoneSimulator
		AppStore|Any CPU = AppStore|Any CPU
		AppStore|iPhone = AppStore|iPhone
		AppStore|iPhoneSimulator = AppStore|iPhoneSimulator
		Debug|Any CPU = Debug|Any CPU
		Debug|iPhone = Debug|iPhone
		Debug|iPhoneSimulator = Debug|iPhoneSimulator
		Release|Any CPU = Release|Any CPU
		Release|iPhone = Release|iPhone
		Release|iPhoneSimulator = Release|iPhoneSimulator
	EndGlobalSection
	GlobalSection(ProjectConfigurationPlatforms) = postSolution
		{2F4819FE-2230-44FE-8689-3D091A924554}.Ad-Hoc|Any CPU.ActiveCfg = Release|Any CPU
		{2F4819FE-2230-44FE-8689-3D091A924554}.Ad-Hoc|Any CPU.Build.0 = Release|Any CPU
		{2F4819FE-2230-44FE-8689-3D091A924554}.Ad-Hoc|Any CPU.Deploy.0 = Release|Any CPU
		{2F4819FE-2230-44FE-8689-3D091A924554}.Ad-Hoc|iPhone.ActiveCfg = Release|Any CPU
		{2F4819FE-2230-44FE-8689-3D091A924554}.Ad-Hoc|iPhone.Build.0 = Release|Any CPU
		{2F4819FE-2230-44FE-8689-3D091A924554}.Ad-Hoc|iPhone.Deploy.0 = Release|Any CPU
		{2F4819FE-2230-44FE-8689-3D091A924554}.Ad-Hoc|iPhoneSimulator.ActiveCfg = Release|Any CPU
		{2F4819FE-2230-44FE-8689-3D091A924554}.Ad-Hoc|iPhoneSimulator.Build.0 = Release|Any CPU
		{2F4819FE-2230-44FE-8689-3D091A924554}.Ad-Hoc|iPhoneSimulator.Deploy.0 = Release|Any CPU
		{2F4819FE-2230-44FE-8689-3D091A924554}.AppStore|Any CPU.ActiveCfg = Release|Any CPU
		{2F4819FE-2230-44FE-8689-3D091A924554}.AppStore|Any CPU.Build.0 = Release|Any CPU
		{2F4819FE-2230-44FE-8689-3D091A924554}.AppStore|Any CPU.Deploy.0 = Release|Any CPU
		{2F4819FE-2230-44FE-8689-3D091A924554}.AppStore|iPhone.ActiveCfg = Release|Any CPU
		{2F4819FE-2230-44FE-8689-3D091A924554}.AppStore|iPhone.Build.0 = Release|Any CPU
		{2F4819FE-2230-44FE-8689-3D091A924554}.AppStore|iPhone.Deploy.0 = Release|Any CPU
		{2F4819FE-2230-44FE-8689-3D091A924554}.AppStore|iPhoneSimulator.ActiveCfg = Release|Any CPU
		{2F4819FE-2230-44FE-8689-3D091A924554}.AppStore|iPhoneSimulator.Build.0 = Release|Any CPU
		{2F4819FE-2230-44FE-8689-3D091A924554}.AppStore|iPhoneSimulator.Deploy.0 = Release|Any CPU
		{2F4819FE-2230-44FE-8689-3D091A924554}.Debug|Any CPU.ActiveCfg = Debug|Any CPU
		{2F4819FE-2230-44FE-8689-3D091A924554}.Debug|Any CPU.Build.0 = Debug|Any CPU
		{2F4819FE-2230-44FE-8689-3D091A924554}.Debug|Any CPU.Deploy.0 = Debug|Any CPU
		{2F4819FE-2230-44FE-8689-3D091A924554}.Debug|iPhone.ActiveCfg = Debug|Any CPU
		{2F4819FE-2230-44FE-8689-3D091A924554}.Debug|iPhone.Build.0 = Debug|Any CPU
		{2F4819FE-2230-44FE-8689-3D091A924554}.Debug|iPhone.Deploy.0 = Debug|Any CPU
		{2F4819FE-2230-44FE-8689-3D091A924554}.Debug|iPhoneSimulator.ActiveCfg = Debug|Any CPU
		{2F4819FE-2230-44FE-8689-3D091A924554}.Debug|iPhoneSimulator.Build.0 = Debug|Any CPU
		{2F4819FE-2230-44FE-8689-3D091A924554}.Debug|iPhoneSimulator.Deploy.0 = Debug|Any CPU
		{2F4819FE-2230-44FE-8689-3D091A924554}.Release|Any CPU.ActiveCfg = Release|Any CPU
		{2F4819FE-2230-44FE-8689-3D091A924554}.Release|Any CPU.Build.0 = Release|Any CPU
		{2F4819FE-2230-44FE-8689-3D091A924554}.Release|Any CPU.Deploy.0 = Release|Any CPU
		{2F4819FE-2230-44FE-8689-3D091A924554}.Release|iPhone.ActiveCfg = Release|Any CPU
		{2F4819FE-2230-44FE-8689-3D091A924554}.Release|iPhone.Build.0 = Release|Any CPU
		{2F4819FE-2230-44FE-8689-3D091A924554}.Release|iPhone.Deploy.0 = Release|Any CPU
		{2F4819FE-2230-44FE-8689-3D091A924554}.Release|iPhoneSimulator.ActiveCfg = Release|Any CPU
		{2F4819FE-2230-44FE-8689-3D091A924554}.Release|iPhoneSimulator.Build.0 = Release|Any CPU
		{2F4819FE-2230-44FE-8689-3D091A924554}.Release|iPhoneSimulator.Deploy.0 = Release|Any CPU
		{48C62E21-4705-4845-8836-FDA645B6E612}.Ad-Hoc|Any CPU.ActiveCfg = Ad-Hoc|iPhone
		{48C62E21-4705-4845-8836-FDA645B6E612}.Ad-Hoc|Any CPU.Build.0 = Ad-Hoc|iPhone
		{48C62E21-4705-4845-8836-FDA645B6E612}.Ad-Hoc|Any CPU.Deploy.0 = Ad-Hoc|iPhone
		{48C62E21-4705-4845-8836-FDA645B6E612}.Ad-Hoc|iPhone.ActiveCfg = Ad-Hoc|iPhone
		{48C62E21-4705-4845-8836-FDA645B6E612}.Ad-Hoc|iPhone.Build.0 = Ad-Hoc|iPhone
		{48C62E21-4705-4845-8836-FDA645B6E612}.Ad-Hoc|iPhone.Deploy.0 = Ad-Hoc|iPhone
		{48C62E21-4705-4845-8836-FDA645B6E612}.Ad-Hoc|iPhoneSimulator.ActiveCfg = Ad-Hoc|iPhoneSimulator
		{48C62E21-4705-4845-8836-FDA645B6E612}.Ad-Hoc|iPhoneSimulator.Build.0 = Ad-Hoc|iPhoneSimulator
		{48C62E21-4705-4845-8836-FDA645B6E612}.Ad-Hoc|iPhoneSimulator.Deploy.0 = Ad-Hoc|iPhoneSimulator
		{48C62E21-4705-4845-8836-FDA645B6E612}.AppStore|Any CPU.ActiveCfg = AppStore|iPhone
		{48C62E21-4705-4845-8836-FDA645B6E612}.AppStore|Any CPU.Build.0 = AppStore|iPhone
		{48C62E21-4705-4845-8836-FDA645B6E612}.AppStore|Any CPU.Deploy.0 = AppStore|iPhone
		{48C62E21-4705-4845-8836-FDA645B6E612}.AppStore|iPhone.ActiveCfg = AppStore|iPhone
		{48C62E21-4705-4845-8836-FDA645B6E612}.AppStore|iPhone.Build.0 = AppStore|iPhone
		{48C62E21-4705-4845-8836-FDA645B6E612}.AppStore|iPhone.Deploy.0 = AppStore|iPhone
		{48C62E21-4705-4845-8836-FDA645B6E612}.AppStore|iPhoneSimulator.ActiveCfg = AppStore|iPhoneSimulator
		{48C62E21-4705-4845-8836-FDA645B6E612}.AppStore|iPhoneSimulator.Build.0 = AppStore|iPhoneSimulator
		{48C62E21-4705-4845-8836-FDA645B6E612}.AppStore|iPhoneSimulator.Deploy.0 = AppStore|iPhoneSimulator
		{48C62E21-4705-4845-8836-FDA645B6E612}.Debug|Any CPU.ActiveCfg = Debug|iPhoneSimulator
		{48C62E21-4705-4845-8836-FDA645B6E612}.Debug|Any CPU.Build.0 = Debug|iPhoneSimulator
		{48C62E21-4705-4845-8836-FDA645B6E612}.Debug|Any CPU.Deploy.0 = Debug|iPhoneSimulator
		{48C62E21-4705-4845-8836-FDA645B6E612}.Debug|iPhone.ActiveCfg = Debug|iPhone
		{48C62E21-4705-4845-8836-FDA645B6E612}.Debug|iPhone.Build.0 = Debug|iPhone
		{48C62E21-4705-4845-8836-FDA645B6E612}.Debug|iPhone.Deploy.0 = Debug|iPhone
		{48C62E21-4705-4845-8836-FDA645B6E612}.Debug|iPhoneSimulator.ActiveCfg = Debug|iPhoneSimulator
		{48C62E21-4705-4845-8836-FDA645B6E612}.Debug|iPhoneSimulator.Build.0 = Debug|iPhoneSimulator
		{48C62E21-4705-4845-8836-FDA645B6E612}.Debug|iPhoneSimulator.Deploy.0 = Debug|iPhoneSimulator
		{48C62E21-4705-4845-8836-FDA645B6E612}.Release|Any CPU.ActiveCfg = Release|iPhone
		{48C62E21-4705-4845-8836-FDA645B6E612}.Release|Any CPU.Build.0 = Release|iPhone
		{48C62E21-4705-4845-8836-FDA645B6E612}.Release|Any CPU.Deploy.0 = Release|iPhone
		{48C62E21-4705-4845-8836-FDA645B6E612}.Release|iPhone.ActiveCfg = Release|iPhone
		{48C62E21-4705-4845-8836-FDA645B6E612}.Release|iPhone.Build.0 = Release|iPhone
		{48C62E21-4705-4845-8836-FDA645B6E612}.Release|iPhone.Deploy.0 = Release|iPhone
		{48C62E21-4705-4845-8836-FDA645B6E612}.Release|iPhoneSimulator.ActiveCfg = Release|iPhoneSimulator
		{48C62E21-4705-4845-8836-FDA645B6E612}.Release|iPhoneSimulator.Build.0 = Release|iPhoneSimulator
		{48C62E21-4705-4845-8836-FDA645B6E612}.Release|iPhoneSimulator.Deploy.0 = Release|iPhoneSimulator
		{F6527A7B-F9F0-4A2B-98D8-6C7565886A94}.Ad-Hoc|Any CPU.ActiveCfg = Debug|Any CPU
		{F6527A7B-F9F0-4A2B-98D8-6C7565886A94}.Ad-Hoc|Any CPU.Build.0 = Debug|Any CPU
		{F6527A7B-F9F0-4A2B-98D8-6C7565886A94}.Ad-Hoc|Any CPU.Deploy.0 = Debug|Any CPU
		{F6527A7B-F9F0-4A2B-98D8-6C7565886A94}.Ad-Hoc|iPhone.ActiveCfg = Debug|Any CPU
		{F6527A7B-F9F0-4A2B-98D8-6C7565886A94}.Ad-Hoc|iPhone.Build.0 = Debug|Any CPU
		{F6527A7B-F9F0-4A2B-98D8-6C7565886A94}.Ad-Hoc|iPhone.Deploy.0 = Debug|Any CPU
		{F6527A7B-F9F0-4A2B-98D8-6C7565886A94}.Ad-Hoc|iPhoneSimulator.ActiveCfg = Debug|Any CPU
		{F6527A7B-F9F0-4A2B-98D8-6C7565886A94}.Ad-Hoc|iPhoneSimulator.Build.0 = Debug|Any CPU
		{F6527A7B-F9F0-4A2B-98D8-6C7565886A94}.Ad-Hoc|iPhoneSimulator.Deploy.0 = Debug|Any CPU
		{F6527A7B-F9F0-4A2B-98D8-6C7565886A94}.AppStore|Any CPU.ActiveCfg = Debug|Any CPU
		{F6527A7B-F9F0-4A2B-98D8-6C7565886A94}.AppStore|Any CPU.Build.0 = Debug|Any CPU
		{F6527A7B-F9F0-4A2B-98D8-6C7565886A94}.AppStore|Any CPU.Deploy.0 = Debug|Any CPU
		{F6527A7B-F9F0-4A2B-98D8-6C7565886A94}.AppStore|iPhone.ActiveCfg = Debug|Any CPU
		{F6527A7B-F9F0-4A2B-98D8-6C7565886A94}.AppStore|iPhone.Build.0 = Debug|Any CPU
		{F6527A7B-F9F0-4A2B-98D8-6C7565886A94}.AppStore|iPhone.Deploy.0 = Debug|Any CPU
		{F6527A7B-F9F0-4A2B-98D8-6C7565886A94}.AppStore|iPhoneSimulator.ActiveCfg = Debug|Any CPU
		{F6527A7B-F9F0-4A2B-98D8-6C7565886A94}.AppStore|iPhoneSimulator.Build.0 = Debug|Any CPU
		{F6527A7B-F9F0-4A2B-98D8-6C7565886A94}.AppStore|iPhoneSimulator.Deploy.0 = Debug|Any CPU
		{F6527A7B-F9F0-4A2B-98D8-6C7565886A94}.Debug|Any CPU.ActiveCfg = Debug|Any CPU
		{F6527A7B-F9F0-4A2B-98D8-6C7565886A94}.Debug|Any CPU.Build.0 = Debug|Any CPU
		{F6527A7B-F9F0-4A2B-98D8-6C7565886A94}.Debug|Any CPU.Deploy.0 = Debug|Any CPU
		{F6527A7B-F9F0-4A2B-98D8-6C7565886A94}.Debug|iPhone.ActiveCfg = Debug|Any CPU
		{F6527A7B-F9F0-4A2B-98D8-6C7565886A94}.Debug|iPhone.Build.0 = Debug|Any CPU
		{F6527A7B-F9F0-4A2B-98D8-6C7565886A94}.Debug|iPhone.Deploy.0 = Debug|Any CPU
		{F6527A7B-F9F0-4A2B-98D8-6C7565886A94}.Debug|iPhoneSimulator.ActiveCfg = Debug|Any CPU
		{F6527A7B-F9F0-4A2B-98D8-6C7565886A94}.Debug|iPhoneSimulator.Build.0 = Debug|Any CPU
		{F6527A7B-F9F0-4A2B-98D8-6C7565886A94}.Debug|iPhoneSimulator.Deploy.0 = Debug|Any CPU
		{F6527A7B-F9F0-4A2B-98D8-6C7565886A94}.Release|Any CPU.ActiveCfg = Release|Any CPU
		{F6527A7B-F9F0-4A2B-98D8-6C7565886A94}.Release|Any CPU.Build.0 = Release|Any CPU
		{F6527A7B-F9F0-4A2B-98D8-6C7565886A94}.Release|Any CPU.Deploy.0 = Release|Any CPU
		{F6527A7B-F9F0-4A2B-98D8-6C7565886A94}.Release|iPhone.ActiveCfg = Release|Any CPU
		{F6527A7B-F9F0-4A2B-98D8-6C7565886A94}.Release|iPhone.Build.0 = Release|Any CPU
		{F6527A7B-F9F0-4A2B-98D8-6C7565886A94}.Release|iPhone.Deploy.0 = Release|Any CPU
		{F6527A7B-F9F0-4A2B-98D8-6C7565886A94}.Release|iPhoneSimulator.ActiveCfg = Release|Any CPU
		{F6527A7B-F9F0-4A2B-98D8-6C7565886A94}.Release|iPhoneSimulator.Build.0 = Release|Any CPU
		{F6527A7B-F9F0-4A2B-98D8-6C7565886A94}.Release|iPhoneSimulator.Deploy.0 = Release|Any CPU
	EndGlobalSection
	GlobalSection(SolutionProperties) = preSolution
		HideSolutionNode = FALSE
	EndGlobalSection
	GlobalSection(ExtensibilityGlobals) = postSolution
		SolutionGuid = {6357969A-B23B-4265-A363-C034C69FD017}
	EndGlobalSection
EndGlobal
